
Microsoft Visual Studio Solution File, Format Version 12.00
# Visual Studio Version 16
VisualStudioVersion = 16.0.30621.155
MinimumVisualStudioVersion = 10.0.40219.1
Project("{FAE04EC0-301F-11D3-BF4B-00C04F79EFBC}") = "CourseLibrary.API", "CourseLiabrary.API\CourseLibrary.API.csproj", "{71736616-C569-4CD3-9020-C7C558C35356}"
EndProject
Global
	GlobalSection(SolutionConfigurationPlatforms) = preSolution
		Debug|Any CPU = Debug|Any CPU
		Release|Any CPU = Release|Any CPU
	EndGlobalSection
	GlobalSection(ProjectConfigurationPlatforms) = postSolution
		{71736616-C569-4CD3-9020-C7C558C35356}.Debug|Any CPU.ActiveCfg = Debug|Any CPU
		{71736616-C569-4CD3-9020-C7C558C35356}.Debug|Any CPU.Build.0 = Debug|Any CPU
		{71736616-C569-4CD3-9020-C7C558C35356}.Release|Any CPU.ActiveCfg = Release|Any CPU
		{71736616-C569-4CD3-9020-C7C558C35356}.Release|Any CPU.Build.0 = Release|Any CPU
	EndGlobalSection
	GlobalSection(SolutionProperties) = preSolution
		HideSolutionNode = FALSE
	EndGlobalSection
	GlobalSection(ExtensibilityGlobals) = postSolution
		SolutionGuid = {0C941718-A6EB-4307-BA22-6D45C3FFDD6E}
	EndGlobalSection
EndGlobal
